PODS:
  - aj_flutter_update (0.0.1):
    - Flutter
  - Flutter (1.0.0)

DEPENDENCIES:
  - aj_flutter_update (from `.symlinks/plugins/aj_flutter_update/ios`)
  - Flutter (from `.symlinks/flutter/ios`)

EXTERNAL SOURCES:
  aj_flutter_update:
    :path: ".symlinks/plugins/aj_flutter_update/ios"
  Flutter:
    :path: ".symlinks/flutter/ios"

SPEC CHECKSUMS:
  aj_flutter_update: bdb7677073c97cc6adc27400a066e381670342ef
  Flutter: 9d0fac939486c9aba2809b7982dfdbb47a7b0296

PODFILE CHECKSUM: aff02bfeed411c636180d6812254b2daeea14d09

COCOAPODS: 1.5.3
